// !$*UTF8*$!
{
	archiveVersion = 1;
	classes = {
	};
	objectVersion = 50;
	objects = {

/* Begin PBXBuildFile section */
		6932DB3E260A8A1600BA3093 /* EventCell.swift in Sources */ = {isa = PBXBuildFile; fileRef = 6932DB3D260A8A1600BA3093 /* EventCell.swift */; };
		694258DA260A7DE100879CD4 /* AppDelegate.swift in Sources */ = {isa = PBXBuildFile; fileRef = 694258D9260A7DE100879CD4 /* AppDelegate.swift */; };
		694258DC260A7DE100879CD4 /* SceneDelegate.swift in Sources */ = {isa = PBXBuildFile; fileRef = 694258DB260A7DE100879CD4 /* SceneDelegate.swift */; };
		694258DE260A7DE100879CD4 /* MasterViewController.swift in Sources */ = {isa = PBXBuildFile; fileRef = 694258DD260A7DE100879CD4 /* MasterViewController.swift */; };
		694258E1260A7DE100879CD4 /* Main.storyboard in Resources */ = {isa = PBXBuildFile; fileRef = 694258DF260A7DE100879CD4 /* Main.storyboard */; };
		694258E4260A7DE100879CD4 /* FetchRewards_Coding_Exercise.xcdatamodeld in Sources */ = {isa = PBXBuildFile; fileRef = 694258E2260A7DE100879CD4 /* FetchRewards_Coding_Exercise.xcdatamodeld */; };
		694258E6260A7DE200879CD4 /* Assets.xcassets in Resources */ = {isa = PBXBuildFile; fileRef = 694258E5260A7DE200879CD4 /* Assets.xcassets */; };
		694258E9260A7DE200879CD4 /* LaunchScreen.storyboard in Resources */ = {isa = PBXBuildFile; fileRef = 694258E7260A7DE200879CD4 /* LaunchScreen.storyboard */; };
		694258F4260A7DE200879CD4 /* FetchRewards_Coding_ExerciseTests.swift in Sources */ = {isa = PBXBuildFile; fileRef = 694258F3260A7DE200879CD4 /* FetchRewards_Coding_ExerciseTests.swift */; };
		694258FF260A7DE200879CD4 /* FetchRewards_Coding_ExerciseUITests.swift in Sources */ = {isa = PBXBuildFile; fileRef = 694258FE260A7DE200879CD4 /* FetchRewards_Coding_ExerciseUITests.swift */; };
		69425924260A7F1000879CD4 /* Events.swift in Sources */ = {isa = PBXBuildFile; fileRef = 69425921260A7F0F00879CD4 /* Events.swift */; };
		69425925260A7F1000879CD4 /* Event.swift in Sources */ = {isa = PBXBuildFile; fileRef = 69425922260A7F0F00879CD4 /* Event.swift */; };
		69425926260A7F1000879CD4 /* Venue.swift in Sources */ = {isa = PBXBuildFile; fileRef = 69425923260A7F1000879CD4 /* Venue.swift */; };
/* End PBXBuildFile section */

/* Begin PBXContainerItemProxy section */
		694258F0260A7DE200879CD4 /* PBXContainerItemProxy */ = {
			isa = PBXContainerItemProxy;
			containerPortal = 694258CE260A7DE100879CD4 /* Project object */;
			proxyType = 1;
			remoteGlobalIDString = 694258D5260A7DE100879CD4;
			remoteInfo = "FetchRewards Coding Exercise";
		};
		694258FB260A7DE200879CD4 /* PBXContainerItemProxy */ = {
			isa = PBXContainerItemProxy;
			containerPortal = 694258CE260A7DE100879CD4 /* Project object */;
			proxyType = 1;
			remoteGlobalIDString = 694258D5260A7DE100879CD4;
			remoteInfo = "FetchRewards Coding Exercise";
		};
/* End PBXContainerItemProxy section */

/* Begin PBXFileReference section */
		6932DB3D260A8A1600BA3093 /* EventCell.swift */ = {isa = PBXFileReference; lastKnownFileType = sourcecode.swift; path = EventCell.swift; sourceTree = "<group>"; };
		694258D6260A7DE100879CD4 /* FetchRewards Coding Exercise.app */ = {isa = PBXFileReference; explicitFileType = wrapper.application; includeInIndex = 0; path = "FetchRewards Coding Exercise.app"; sourceTree = BUILT_PRODUCTS_DIR; };
		694258D9260A7DE100879CD4 /* AppDelegate.swift */ = {isa = PBXFileReference; lastKnownFileType = sourcecode.swift; path = AppDelegate.swift; sourceTree = "<group>"; };
		694258DB260A7DE100879CD4 /* SceneDelegate.swift */ = {isa = PBXFileReference; lastKnownFileType = sourcecode.swift; path = SceneDelegate.swift; sourceTree = "<group>"; };
		694258DD260A7DE100879CD4 /* MasterViewController.swift */ = {isa = PBXFileReference; lastKnownFileType = sourcecode.swift; path = MasterViewController.swift; sourceTree = "<group>"; };
		694258E0260A7DE100879CD4 /* Base */ = {isa = PBXFileReference; lastKnownFileType = file.storyboard; name = Base; path = Base.lproj/Main.storyboard; sourceTree = "<group>"; };
		694258E3260A7DE100879CD4 /* FetchRewards_Coding_Exercise.xcdatamodel */ = {isa = PBXFileReference; lastKnownFileType = wrapper.xcdatamodel; path = FetchRewards_Coding_Exercise.xcdatamodel; sourceTree = "<group>"; };
		694258E5260A7DE200879CD4 /* Assets.xcassets */ = {isa = PBXFileReference; lastKnownFileType = folder.assetcatalog; path = Assets.xcassets; sourceTree = "<group>"; };
		694258E8260A7DE200879CD4 /* Base */ = {isa = PBXFileReference; lastKnownFileType = file.storyboard; name = Base; path = Base.lproj/LaunchScreen.storyboard; sourceTree = "<group>"; };
		694258EA260A7DE200879CD4 /* Info.plist */ = {isa = PBXFileReference; lastKnownFileType = text.plist.xml; path = Info.plist; sourceTree = "<group>"; };
		694258EF260A7DE200879CD4 /* FetchRewards Coding ExerciseTests.xctest */ = {isa = PBXFileReference; explicitFileType = wrapper.cfbundle; includeInIndex = 0; path = "FetchRewards Coding ExerciseTests.xctest"; sourceTree = BUILT_PRODUCTS_DIR; };
		694258F3260A7DE200879CD4 /* FetchRewards_Coding_ExerciseTests.swift */ = {isa = PBXFileReference; lastKnownFileType = sourcecode.swift; path = FetchRewards_Coding_ExerciseTests.swift; sourceTree = "<group>"; };
		694258F5260A7DE200879CD4 /* Info.plist */ = {isa = PBXFileReference; lastKnownFileType = text.plist.xml; path = Info.plist; sourceTree = "<group>"; };
		694258FA260A7DE200879CD4 /* FetchRewards Coding ExerciseUITests.xctest */ = {isa = PBXFileReference; explicitFileType = wrapper.cfbundle; includeInIndex = 0; path = "FetchRewards Coding ExerciseUITests.xctest"; sourceTree = BUILT_PRODUCTS_DIR; };
		694258FE260A7DE200879CD4 /* FetchRewards_Coding_ExerciseUITests.swift */ = {isa = PBXFileReference; lastKnownFileType = sourcecode.swift; path = FetchRewards_Coding_ExerciseUITests.swift; sourceTree = "<group>"; };
		69425900260A7DE200879CD4 /* Info.plist */ = {isa = PBXFileReference; lastKnownFileType = text.plist.xml; path = Info.plist; sourceTree = "<group>"; };
		69425921260A7F0F00879CD4 /* Events.swift */ = {isa = PBXFileReference; fileEncoding = 4; lastKnownFileType = sourcecode.swift; path = Events.swift; sourceTree = "<group>"; };
		69425922260A7F0F00879CD4 /* Event.swift */ = {isa = PBXFileReference; fileEncoding = 4; lastKnownFileType = sourcecode.swift; path = Event.swift; sourceTree = "<group>"; };
		69425923260A7F1000879CD4 /* Venue.swift */ = {isa = PBXFileReference; fileEncoding = 4; lastKnownFileType = sourcecode.swift; path = Venue.swift; sourceTree = "<group>"; };
/* End PBXFileReference section */

/* Begin PBXFrameworksBuildPhase section */
		694258D3260A7DE100879CD4 /* Frameworks */ = {
			isa = PBXFrameworksBuildPhase;
			buildActionMask = 2147483647;
			files = (
			);
			runOnlyForDeploymentPostprocessing = 0;
		};
		694258EC260A7DE200879CD4 /* Frameworks */ = {
			isa = PBXFrameworksBuildPhase;
			buildActionMask = 2147483647;
			files = (
			);
			runOnlyForDeploymentPostprocessing = 0;
		};
		694258F7260A7DE200879CD4 /* Frameworks */ = {
			isa = PBXFrameworksBuildPhase;
			buildActionMask = 2147483647;
			files = (
			);
			runOnlyForDeploymentPostprocessing = 0;
		};
/* End PBXFrameworksBuildPhase section */

/* Begin PBXGroup section */
		6932DB3C260A89FD00BA3093 /* View */ = {
			isa = PBXGroup;
			children = (
				6932DB3D260A8A1600BA3093 /* EventCell.swift */,
			);
			path = View;
			sourceTree = "<group>";
		};
		694258CD260A7DE100879CD4 = {
			isa = PBXGroup;
			children = (
				694258D8260A7DE100879CD4 /* FetchRewards Coding Exercise */,
				694258F2260A7DE200879CD4 /* FetchRewards Coding ExerciseTests */,
				694258FD260A7DE200879CD4 /* FetchRewards Coding ExerciseUITests */,
				694258D7260A7DE100879CD4 /* Products */,
			);
			sourceTree = "<group>";
		};
		694258D7260A7DE100879CD4 /* Products */ = {
			isa = PBXGroup;
			children = (
				694258D6260A7DE100879CD4 /* FetchRewards Coding Exercise.app */,
				694258EF260A7DE200879CD4 /* FetchRewards Coding ExerciseTests.xctest */,
				694258FA260A7DE200879CD4 /* FetchRewards Coding ExerciseUITests.xctest */,
			);
			name = Products;
			sourceTree = "<group>";
		};
		694258D8260A7DE100879CD4 /* FetchRewards Coding Exercise */ = {
			isa = PBXGroup;
			children = (
				69425920260A7EFB00879CD4 /* Model */,
				6932DB3C260A89FD00BA3093 /* View */,
				694258D9260A7DE100879CD4 /* AppDelegate.swift */,
				694258DB260A7DE100879CD4 /* SceneDelegate.swift */,
				694258DD260A7DE100879CD4 /* MasterViewController.swift */,
				694258DF260A7DE100879CD4 /* Main.storyboard */,
				694258E5260A7DE200879CD4 /* Assets.xcassets */,
				694258E7260A7DE200879CD4 /* LaunchScreen.storyboard */,
				694258EA260A7DE200879CD4 /* Info.plist */,
				694258E2260A7DE100879CD4 /* FetchRewards_Coding_Exercise.xcdatamodeld */,
			);
			path = "FetchRewards Coding Exercise";
			sourceTree = "<group>";
		};
		694258F2260A7DE200879CD4 /* FetchRewards Coding ExerciseTests */ = {
			isa = PBXGroup;
			children = (
				694258F3260A7DE200879CD4 /* FetchRewards_Coding_ExerciseTests.swift */,
				694258F5260A7DE200879CD4 /* Info.plist */,
			);
			path = "FetchRewards Coding ExerciseTests";
			sourceTree = "<group>";
		};
		694258FD260A7DE200879CD4 /* FetchRewards Coding ExerciseUITests */ = {
			isa = PBXGroup;
			children = (
				694258FE260A7DE200879CD4 /* FetchRewards_Coding_ExerciseUITests.swift */,
				69425900260A7DE200879CD4 /* Info.plist */,
			);
			path = "FetchRewards Coding ExerciseUITests";
			sourceTree = "<group>";
		};
		69425920260A7EFB00879CD4 /* Model */ = {
			isa = PBXGroup;
			children = (
				69425922260A7F0F00879CD4 /* Event.swift */,
				69425921260A7F0F00879CD4 /* Events.swift */,
				69425923260A7F1000879CD4 /* Venue.swift */,
			);
			path = Model;
			sourceTree = "<group>";
		};
/* End PBXGroup section */

/* Begin PBXNativeTarget section */
		694258D5260A7DE100879CD4 /* FetchRewards Coding Exercise */ = {
			isa = PBXNativeTarget;
			buildConfigurationList = 69425903260A7DE200879CD4 /* Build configuration list for PBXNativeTarget "FetchRewards Coding Exercise" */;
			buildPhases = (
				694258D2260A7DE100879CD4 /* Sources */,
				694258D3260A7DE100879CD4 /* Frameworks */,
				694258D4260A7DE100879CD4 /* Resources */,
			);
			buildRules = (
			);
			dependencies = (
			);
			name = "FetchRewards Coding Exercise";
			productName = "FetchRewards Coding Exercise";
			productReference = 694258D6260A7DE100879CD4 /* FetchRewards Coding Exercise.app */;
			productType = "com.apple.product-type.application";
		};
		694258EE260A7DE200879CD4 /* FetchRewards Coding ExerciseTests */ = {
			isa = PBXNativeTarget;
			buildConfigurationList = 69425906260A7DE200879CD4 /* Build configuration list for PBXNativeTarget "FetchRewards Coding ExerciseTests" */;
			buildPhases = (
				694258EB260A7DE200879CD4 /* Sources */,
				694258EC260A7DE200879CD4 /* Frameworks */,
				694258ED260A7DE200879CD4 /* Resources */,
			);
			buildRules = (
			);
			dependencies = (
				694258F1260A7DE200879CD4 /* PBXTargetDependency */,
			);
			name = "FetchRewards Coding ExerciseTests";
			productName = "FetchRewards Coding ExerciseTests";
			productReference = 694258EF260A7DE200879CD4 /* FetchRewards Coding ExerciseTests.xctest */;
			productType = "com.apple.product-type.bundle.unit-test";
		};
		694258F9260A7DE200879CD4 /* FetchRewards Coding ExerciseUITests */ = {
			isa = PBXNativeTarget;
			buildConfigurationList = 69425909260A7DE200879CD4 /* Build configuration list for PBXNativeTarget "FetchRewards Coding ExerciseUITests" */;
			buildPhases = (
				694258F6260A7DE200879CD4 /* Sources */,
				694258F7260A7DE200879CD4 /* Frameworks */,
				694258F8260A7DE200879CD4 /* Resources */,
			);
			buildRules = (
			);
			dependencies = (
				694258FC260A7DE200879CD4 /* PBXTargetDependency */,
			);
			name = "FetchRewards Coding ExerciseUITests";
			productName = "FetchRewards Coding ExerciseUITests";
			productReference = 694258FA260A7DE200879CD4 /* FetchRewards Coding ExerciseUITests.xctest */;
			productType = "com.apple.product-type.bundle.ui-testing";
		};
/* End PBXNativeTarget section */

/* Begin PBXProject section */
		694258CE260A7DE100879CD4 /* Project object */ = {
			isa = PBXProject;
			attributes = {
				LastSwiftUpdateCheck = 1240;
				LastUpgradeCheck = 1240;
				TargetAttributes = {
					694258D5260A7DE100879CD4 = {
						CreatedOnToolsVersion = 12.4;
					};
					694258EE260A7DE200879CD4 = {
						CreatedOnToolsVersion = 12.4;
						TestTargetID = 694258D5260A7DE100879CD4;
					};
					694258F9260A7DE200879CD4 = {
						CreatedOnToolsVersion = 12.4;
						TestTargetID = 694258D5260A7DE100879CD4;
					};
				};
			};
			buildConfigurationList = 694258D1260A7DE100879CD4 /* Build configuration list for PBXProject "FetchRewards Coding Exercise" */;
			compatibilityVersion = "Xcode 9.3";
			developmentRegion = en;
			hasScannedForEncodings = 0;
			knownRegions = (
				en,
				Base,
			);
			mainGroup = 694258CD260A7DE100879CD4;
			productRefGroup = 694258D7260A7DE100879CD4 /* Products */;
			projectDirPath = "";
			projectRoot = "";
			targets = (
				694258D5260A7DE100879CD4 /* FetchRewards Coding Exercise */,
				694258EE260A7DE200879CD4 /* FetchRewards Coding ExerciseTests */,
				694258F9260A7DE200879CD4 /* FetchRewards Coding ExerciseUITests */,
			);
		};
/* End PBXProject section */

/* Begin PBXResourcesBuildPhase section */
		694258D4260A7DE100879CD4 /* Resources */ = {
			isa = PBXResourcesBuildPhase;
			buildActionMask = 2147483647;
			files = (
				694258E9260A7DE200879CD4 /* LaunchScreen.storyboard in Resources */,
				694258E6260A7DE200879CD4 /* Assets.xcassets in Resources */,
				694258E1260A7DE100879CD4 /* Main.storyboard in Resources */,
			);
			runOnlyForDeploymentPostprocessing = 0;
		};
		694258ED260A7DE200879CD4 /* Resources */ = {
			isa = PBXResourcesBuildPhase;
			buildActionMask = 2147483647;
			files = (
			);
			runOnlyForDeploymentPostprocessing = 0;
		};
		694258F8260A7DE200879CD4 /* Resources */ = {
			isa = PBXResourcesBuildPhase;
			buildActionMask = 2147483647;
			files = (
			);
			runOnlyForDeploymentPostprocessing = 0;
		};
/* End PBXResourcesBuildPhase section */

/* Begin PBXSourcesBuildPhase section */
		694258D2260A7DE100879CD4 /* Sources */ = {
			isa = PBXSourcesBuildPhase;
			buildActionMask = 2147483647;
			files = (
				694258DE260A7DE100879CD4 /* MasterViewController.swift in Sources */,
				6932DB3E260A8A1600BA3093 /* EventCell.swift in Sources */,
				694258E4260A7DE100879CD4 /* FetchRewards_Coding_Exercise.xcdatamodeld in Sources */,
				694258DA260A7DE100879CD4 /* AppDelegate.swift in Sources */,
				69425926260A7F1000879CD4 /* Venue.swift in Sources */,
				694258DC260A7DE100879CD4 /* SceneDelegate.swift in Sources */,
				69425925260A7F1000879CD4 /* Event.swift in Sources */,
				69425924260A7F1000879CD4 /* Events.swift in Sources */,
			);
			runOnlyForDeploymentPostprocessing = 0;
		};
		694258EB260A7DE200879CD4 /* Sources */ = {
			isa = PBXSourcesBuildPhase;
			buildActionMask = 2147483647;
			files = (
				694258F4260A7DE200879CD4 /* FetchRewards_Coding_ExerciseTests.swift in Sources */,
			);
			runOnlyForDeploymentPostprocessing = 0;
		};
		694258F6260A7DE200879CD4 /* Sources */ = {
			isa = PBXSourcesBuildPhase;
			buildActionMask = 2147483647;
			files = (
				694258FF260A7DE200879CD4 /* FetchRewards_Coding_ExerciseUITests.swift in Sources */,
			);
			runOnlyForDeploymentPostprocessing = 0;
		};
/* End PBXSourcesBuildPhase section */

/* Begin PBXTargetDependency section */
		694258F1260A7DE200879CD4 /* PBXTargetDependency */ = {
			isa = PBXTargetDependency;
			target = 694258D5260A7DE100879CD4 /* FetchRewards Coding Exercise */;
			targetProxy = 694258F0260A7DE200879CD4 /* PBXContainerItemProxy */;
		};
		694258FC260A7DE200879CD4 /* PBXTargetDependency */ = {
			isa = PBXTargetDependency;
			target = 694258D5260A7DE100879CD4 /* FetchRewards Coding Exercise */;
			targetProxy = 694258FB260A7DE200879CD4 /* PBXContainerItemProxy */;
		};
/* End PBXTargetDependency section */

/* Begin PBXVariantGroup section */
		694258DF260A7DE100879CD4 /* Main.storyboard */ = {
			isa = PBXVariantGroup;
			children = (
				694258E0260A7DE100879CD4 /* Base */,
			);
			name = Main.storyboard;
			sourceTree = "<group>";
		};
		694258E7260A7DE200879CD4 /* LaunchScreen.storyboard */ = {
			isa = PBXVariantGroup;
			children = (
				694258E8260A7DE200879CD4 /* Base */,
			);
			name = LaunchScreen.storyboard;
			sourceTree = "<group>";
		};
/* End PBXVariantGroup section */

/* Begin XCBuildConfiguration section */
		69425901260A7DE200879CD4 /* Debug */ = {
			isa = XCBuildConfiguration;
			buildSettings = {
				ALWAYS_SEARCH_USER_PATHS = NO;
				CLANG_ANALYZER_NONNULL = YES;
				CLANG_ANALYZER_NUMBER_OBJECT_CONVERSION = YES_AGGRESSIVE;
				CLANG_CXX_LANGUAGE_STANDARD = "gnu++14";
				CLANG_CXX_LIBRARY = "libc++";
				CLANG_ENABLE_MODULES = YES;
				CLANG_ENABLE_OBJC_ARC = YES;
				CLANG_ENABLE_OBJC_WEAK = YES;
				CLANG_WARN_BLOCK_CAPTURE_AUTORELEASING = YES;
				CLANG_WARN_BOOL_CONVERSION = YES;
				CLANG_WARN_COMMA = YES;
				CLANG_WARN_CONSTANT_CONVERSION = YES;
				CLANG_WARN_DEPRECATED_OBJC_IMPLEMENTATIONS = YES;
				CLANG_WARN_DIRECT_OBJC_ISA_USAGE = YES_ERROR;
				CLANG_WARN_DOCUMENTATION_COMMENTS = YES;
				CLANG_WARN_EMPTY_BODY = YES;
				CLANG_WARN_ENUM_CONVERSION = YES;
				CLANG_WARN_INFINITE_RECURSION = YES;
				CLANG_WARN_INT_CONVERSION = YES;
				CLANG_WARN_NON_LITERAL_NULL_CONVERSION = YES;
				CLANG_WARN_OBJC_IMPLICIT_RETAIN_SELF = YES;
				CLANG_WARN_OBJC_LITERAL_CONVERSION = YES;
				CLANG_WARN_OBJC_ROOT_CLASS = YES_ERROR;
				CLANG_WARN_QUOTED_INCLUDE_IN_FRAMEWORK_HEADER = YES;
				CLANG_WARN_RANGE_LOOP_ANALYSIS = YES;
				CLANG_WARN_STRICT_PROTOTYPES = YES;
				CLANG_WARN_SUSPICIOUS_MOVE = YES;
				CLANG_WARN_UNGUARDED_AVAILABILITY = YES_AGGRESSIVE;
				CLANG_WARN_UNREACHABLE_CODE = YES;
				CLANG_WARN__DUPLICATE_METHOD_MATCH = YES;
				COPY_PHASE_STRIP = NO;
				DEBUG_INFORMATION_FORMAT = dwarf;
				ENABLE_STRICT_OBJC_MSGSEND = YES;
				ENABLE_TESTABILITY = YES;
				GCC_C_LANGUAGE_STANDARD = gnu11;
				GCC_DYNAMIC_NO_PIC = NO;
				GCC_NO_COMMON_BLOCKS = YES;
				GCC_OPTIMIZATION_LEVEL = 0;
				GCC_PREPROCESSOR_DEFINITIONS = (
					"DEBUG=1",
					"$(inherited)",
				);
				GCC_WARN_64_TO_32_BIT_CONVERSION = YES;
				GCC_WARN_ABOUT_RETURN_TYPE = YES_ERROR;
				GCC_WARN_UNDECLARED_SELECTOR = YES;
				GCC_WARN_UNINITIALIZED_AUTOS = YES_AGGRESSIVE;
				GCC_WARN_UNUSED_FUNCTION = YES;
				GCC_WARN_UNUSED_VARIABLE = YES;
				IPHONEOS_DEPLOYMENT_TARGET = 12.1;
				MTL_ENABLE_DEBUG_INFO = INCLUDE_SOURCE;
				MTL_FAST_MATH = YES;
				ONLY_ACTIVE_ARCH = YES;
				SDKROOT = iphoneos;
				SWIFT_ACTIVE_COMPILATION_CONDITIONS = DEBUG;
				SWIFT_OPTIMIZATION_LEVEL = "-Onone";
			};
			name = Debug;
		};
		69425902260A7DE200879CD4 /* Release */ = {
			isa = XCBuildConfiguration;
			buildSettings = {
				ALWAYS_SEARCH_USER_PATHS = NO;
				CLANG_ANALYZER_NONNULL = YES;
				CLANG_ANALYZER_NUMBER_OBJECT_CONVERSION = YES_AGGRESSIVE;
				CLANG_CXX_LANGUAGE_STANDARD = "gnu++14";
				CLANG_CXX_LIBRARY = "libc++";
				CLANG_ENABLE_MODULES = YES;
				CLANG_ENABLE_OBJC_ARC = YES;
				CLANG_ENABLE_OBJC_WEAK = YES;
				CLANG_WARN_BLOCK_CAPTURE_AUTORELEASING = YES;
				CLANG_WARN_BOOL_CONVERSION = YES;
				CLANG_WARN_COMMA = YES;
				CLANG_WARN_CONSTANT_CONVERSION = YES;
				CLANG_WARN_DEPRECATED_OBJC_IMPLEMENTATIONS = YES;
				CLANG_WARN_DIRECT_OBJC_ISA_USAGE = YES_ERROR;
				CLANG_WARN_DOCUMENTATION_COMMENTS = YES;
				CLANG_WARN_EMPTY_BODY = YES;
				CLANG_WARN_ENUM_CONVERSION = YES;
				CLANG_WARN_INFINITE_RECURSION = YES;
				CLANG_WARN_INT_CONVERSION = YES;
				CLANG_WARN_NON_LITERAL_NULL_CONVERSION = YES;
				CLANG_WARN_OBJC_IMPLICIT_RETAIN_SELF = YES;
				CLANG_WARN_OBJC_LITERAL_CONVERSION = YES;
				CLANG_WARN_OBJC_ROOT_CLASS = YES_ERROR;
				CLANG_WARN_QUOTED_INCLUDE_IN_FRAMEWORK_HEADER = YES;
				CLANG_WARN_RANGE_LOOP_ANALYSIS = YES;
				CLANG_WARN_STRICT_PROTOTYPES = YES;
				CLANG_WARN_SUSPICIOUS_MOVE = YES;
				CLANG_WARN_UNGUARDED_AVAILABILITY = YES_AGGRESSIVE;
				CLANG_WARN_UNREACHABLE_CODE = YES;
				CLANG_WARN__DUPLICATE_METHOD_MATCH = YES;
				COPY_PHASE_STRIP = NO;
				DEBUG_INFORMATION_FORMAT = "dwarf-with-dsym";
				ENABLE_NS_ASSERTIONS = NO;
				ENABLE_STRICT_OBJC_MSGSEND = YES;
				GCC_C_LANGUAGE_STANDARD = gnu11;
				GCC_NO_COMMON_BLOCKS = YES;
				GCC_WARN_64_TO_32_BIT_CONVERSION = YES;
				GCC_WARN_ABOUT_RETURN_TYPE = YES_ERROR;
				GCC_WARN_UNDECLARED_SELECTOR = YES;
				GCC_WARN_UNINITIALIZED_AUTOS = YES_AGGRESSIVE;
				GCC_WARN_UNUSED_FUNCTION = YES;
				GCC_WARN_UNUSED_VARIABLE = YES;
				IPHONEOS_DEPLOYMENT_TARGET = 12.1;
				MTL_ENABLE_DEBUG_INFO = NO;
				MTL_FAST_MATH = YES;
				SDKROOT = iphoneos;
				SWIFT_COMPILATION_MODE = wholemodule;
				SWIFT_OPTIMIZATION_LEVEL = "-O";
				VALIDATE_PRODUCT = YES;
			};
			name = Release;
		};
		69425904260A7DE200879CD4 /* Debug */ = {
			isa = XCBuildConfiguration;
			buildSettings = {
				ASSETCATALOG_COMPILER_APPICON_NAME = AppIcon;
				ASSETCATALOG_COMPILER_GLOBAL_ACCENT_COLOR_NAME = AccentColor;
				CODE_SIGN_STYLE = Automatic;
				DEVELOPMENT_TEAM = TGLE8RZWF5;
				INFOPLIST_FILE = "FetchRewards Coding Exercise/Info.plist";
				IPHONEOS_DEPLOYMENT_TARGET = 12.1;
				LD_RUNPATH_SEARCH_PATHS = (
					"$(inherited)",
					"@executable_path/Frameworks",
				);
				PRODUCT_BUNDLE_IDENTIFIER = "com.joshholme.FetchRewards-Coding-Exercise";
				PRODUCT_NAME = "$(TARGET_NAME)";
				SWIFT_VERSION = 5.0;
				TARGETED_DEVICE_FAMILY = "1,2";
			};
			name = Debug;
		};
		69425905260A7DE200879CD4 /* Release */ = {
			isa = XCBuildConfiguration;
			buildSettings = {
				ASSETCATALOG_COMPILER_APPICON_NAME = AppIcon;
				ASSETCATALOG_COMPILER_GLOBAL_ACCENT_COLOR_NAME = AccentColor;
				CODE_SIGN_STYLE = Automatic;
				DEVELOPMENT_TEAM = TGLE8RZWF5;
				INFOPLIST_FILE = "FetchRewards Coding Exercise/Info.plist";
				IPHONEOS_DEPLOYMENT_TARGET = 12.1;
				LD_RUNPATH_SEARCH_PATHS = (
					"$(inherited)",
					"@executable_path/Frameworks",
				);
				PRODUCT_BUNDLE_IDENTIFIER = "com.joshholme.FetchRewards-Coding-Exercise";
				PRODUCT_NAME = "$(TARGET_NAME)";
				SWIFT_VERSION = 5.0;
				TARGETED_DEVICE_FAMILY = "1,2";
			};
			name = Release;
		};
		69425907260A7DE200879CD4 /* Debug */ = {
			isa = XCBuildConfiguration;
			buildSettings = {
				ALWAYS_EMBED_SWIFT_STANDARD_LIBRARIES = YES;
				BUNDLE_LOADER = "$(TEST_HOST)";
				CODE_SIGN_STYLE = Automatic;
				DEVELOPMENT_TEAM = TGLE8RZWF5;
				INFOPLIST_FILE = "FetchRewards Coding ExerciseTests/Info.plist";
				IPHONEOS_DEPLOYMENT_TARGET = 14.4;
				LD_RUNPATH_SEARCH_PATHS = (
					"$(inherited)",
					"@executable_path/Frameworks",
					"@loader_path/Frameworks",
				);
				PRODUCT_BUNDLE_IDENTIFIER = "com.joshholme.FetchRewards-Coding-ExerciseTests";
				PRODUCT_NAME = "$(TARGET_NAME)";
				SWIFT_VERSION = 5.0;
				TARGETED_DEVICE_FAMILY = "1,2";
				TEST_HOST = "$(BUILT_PRODUCTS_DIR)/FetchRewards Coding Exercise.app/FetchRewards Coding Exercise";
			};
			name = Debug;
		};
		69425908260A7DE200879CD4 /* Release */ = {
			isa = XCBuildConfiguration;
			buildSettings = {
				ALWAYS_EMBED_SWIFT_STANDARD_LIBRARIES = YES;
				BUNDLE_LOADER = "$(TEST_HOST)";
				CODE_SIGN_STYLE = Automatic;
				DEVELOPMENT_TEAM = TGLE8RZWF5;
				INFOPLIST_FILE = "FetchRewards Coding ExerciseTests/Info.plist";
				IPHONEOS_DEPLOYMENT_TARGET = 14.4;
				LD_RUNPATH_SEARCH_PATHS = (
					"$(inherited)",
					"@executable_path/Frameworks",
					"@loader_path/Frameworks",
				);
				PRODUCT_BUNDLE_IDENTIFIER = "com.joshholme.FetchRewards-Coding-ExerciseTests";
				PRODUCT_NAME = "$(TARGET_NAME)";
				SWIFT_VERSION = 5.0;
				TARGETED_DEVICE_FAMILY = "1,2";
				TEST_HOST = "$(BUILT_PRODUCTS_DIR)/FetchRewards Coding Exercise.app/FetchRewards Coding Exercise";
			};
			name = Release;
		};
		6942590A260A7DE200879CD4 /* Debug */ = {
			isa = XCBuildConfiguration;
			buildSettings = {
				ALWAYS_EMBED_SWIFT_STANDARD_LIBRARIES = YES;
				CODE_SIGN_STYLE = Automatic;
				DEVELOPMENT_TEAM = TGLE8RZWF5;
				INFOPLIST_FILE = "FetchRewards Coding ExerciseUITests/Info.plist";
				LD_RUNPATH_SEARCH_PATHS = (
					"$(inherited)",
					"@executable_path/Frameworks",
					"@loader_path/Frameworks",
				);
				PRODUCT_BUNDLE_IDENTIFIER = "com.joshholme.FetchRewards-Coding-ExerciseUITests";
				PRODUCT_NAME = "$(TARGET_NAME)";
				SWIFT_VERSION = 5.0;
				TARGETED_DEVICE_FAMILY = "1,2";
				TEST_TARGET_NAME = "FetchRewards Coding Exercise";
			};
			name = Debug;
		};
		6942590B260A7DE200879CD4 /* Release */ = {
			isa = XCBuildConfiguration;
			buildSettings = {
				ALWAYS_EMBED_SWIFT_STANDARD_LIBRARIES = YES;
				CODE_SIGN_STYLE = Automatic;
				DEVELOPMENT_TEAM = TGLE8RZWF5;
				INFOPLIST_FILE = "FetchRewards Coding ExerciseUITests/Info.plist";
				LD_RUNPATH_SEARCH_PATHS = (
					"$(inherited)",
					"@executable_path/Frameworks",
					"@loader_path/Frameworks",
				);
				PRODUCT_BUNDLE_IDENTIFIER = "com.joshholme.FetchRewards-Coding-ExerciseUITests";
				PRODUCT_NAME = "$(TARGET_NAME)";
				SWIFT_VERSION = 5.0;
				TARGETED_DEVICE_FAMILY = "1,2";
				TEST_TARGET_NAME = "FetchRewards Coding Exercise";
			};
			name = Release;
		};
/* End XCBuildConfiguration section */

/* Begin XCConfigurationList section */
		694258D1260A7DE100879CD4 /* Build configuration list for PBXProject "FetchRewards Coding Exercise" */ = {
			isa = XCConfigurationList;
			buildConfigurations = (
				69425901260A7DE200879CD4 /* Debug */,
				69425902260A7DE200879CD4 /* Release */,
			);
			defaultConfigurationIsVisible = 0;
			defaultConfigurationName = Release;
		};
		69425903260A7DE200879CD4 /* Build configuration list for PBXNativeTarget "FetchRewards Coding Exercise" */ = {
			isa = XCConfigurationList;
			buildConfigurations = (
				69425904260A7DE200879CD4 /* Debug */,
				69425905260A7DE200879CD4 /* Release */,
			);
			defaultConfigurationIsVisible = 0;
			defaultConfigurationName = Release;
		};
		69425906260A7DE200879CD4 /* Build configuration list for PBXNativeTarget "FetchRewards Coding ExerciseTests" */ = {
			isa = XCConfigurationList;
			buildConfigurations = (
				69425907260A7DE200879CD4 /* Debug */,
				69425908260A7DE200879CD4 /* Release */,
			);
			defaultConfigurationIsVisible = 0;
			defaultConfigurationName = Release;
		};
		69425909260A7DE200879CD4 /* Build configuration list for PBXNativeTarget "FetchRewards Coding ExerciseUITests" */ = {
			isa = XCConfigurationList;
			buildConfigurations = (
				6942590A260A7DE200879CD4 /* Debug */,
				6942590B260A7DE200879CD4 /* Release */,
			);
			defaultConfigurationIsVisible = 0;
			defaultConfigurationName = Release;
		};
/* End XCConfigurationList section */

/* Begin XCVersionGroup section */
		694258E2260A7DE100879CD4 /* FetchRewards_Coding_Exercise.xcdatamodeld */ = {
			isa = XCVersionGroup;
			children = (
				694258E3260A7DE100879CD4 /* FetchRewards_Coding_Exercise.xcdatamodel */,
			);
			currentVersion = 694258E3260A7DE100879CD4 /* FetchRewards_Coding_Exercise.xcdatamodel */;
			path = FetchRewards_Coding_Exercise.xcdatamodeld;
			sourceTree = "<group>";
			versionGroupType = wrapper.xcdatamodel;
		};
/* End XCVersionGroup section */
	};
	rootObject = 694258CE260A7DE100879CD4 /* Project object */;
}
